
Microsoft Visual Studio Solution File, Format Version 12.00
# Visual Studio Version 17
VisualStudioVersion = 17.4.33213.308
MinimumVisualStudioVersion = 10.0.40219.1
Project("{9A19103F-16F7-4668-BE54-9A1E7A4F7556}") = "WebAPI", "WebAPI\WebAPI.csproj", "{614BC1DE-FB76-4355-9922-45343C7929EC}"
EndProject
Global
	GlobalSection(SolutionConfigurationPlatforms) = preSolution
		Debug|Any CPU = Debug|Any CPU
		Release|Any CPU = Release|Any CPU
	EndGlobalSection
	GlobalSection(ProjectConfigurationPlatforms) = postSolution
		{614BC1DE-FB76-4355-9922-45343C7929EC}.Debug|Any CPU.ActiveCfg = Debug|Any CPU
		{614BC1DE-FB76-4355-9922-45343C7929EC}.Debug|Any CPU.Build.0 = Debug|Any CPU
		{614BC1DE-FB76-4355-9922-45343C7929EC}.Release|Any CPU.ActiveCfg = Release|Any CPU
		{614BC1DE-FB76-4355-9922-45343C7929EC}.Release|Any CPU.Build.0 = Release|Any CPU
	EndGlobalSection
	GlobalSection(SolutionProperties) = preSolution
		HideSolutionNode = FALSE
	EndGlobalSection
	GlobalSection(ExtensibilityGlobals) = postSolution
		SolutionGuid = {10FA900C-1FB2-4B4A-8E45-647E2F600B05}
	EndGlobalSection
EndGlobal
